{
    "_meta": {
        "hash": {
            "sha256": "8487d74c7d4a41dd870b54e98c4ede420becc268b1125b3eca596083c2c6e4c1"
        },
        "pipfile-spec": 6,
        "requires": {
            "python_version": "3.7"
        },
        "sources": [
            {
                "name": "pypi",
                "url": "https://pypi.org/simple",
                "verify_ssl": true
            }
        ]
    },
    "default": {
        "lorem": {
            "hashes": [
                "sha256:785f4109a241fc2891e59705e85d065f6e6d3ed6ad91750a8cb54d4f3e59d934",
                "sha256:c9c2914b5a772022417c398bd74b7bbd712e73ff029ba82720855e458f13ae42"
            ],
            "index": "pypi",
            "version": "==0.1.1"
        },
        "redis": {
            "hashes": [
                "sha256:6946b5dca72e86103edc8033019cc3814c031232d339d5f4533b02ea85685175",
                "sha256:8ca418d2ddca1b1a850afa1680a7d2fd1f3322739271de4b704e0d4668449273"
            ],
            "index": "pypi",
            "version": "==3.2.1"
        }
    },
    "develop": {}
}
